
Microsoft Visual Studio Solution File, Format Version 12.00
# Visual Studio 15
VisualStudioVersion = 15.0.26430.16
MinimumVisualStudioVersion = 10.0.40219.1
Project("{2150E333-8FDC-42A3-9474-1A3956D46DE8}") = "Engine", "Engine", "{8A49828F-6F0E-4CE6-A14C-9AD767D0DDA4}"
EndProject
Project("{2150E333-8FDC-42A3-9474-1A3956D46DE8}") = "Games", "Games", "{F99FC19C-5796-460D-A1E2-4084516EF427}"
EndProject
Project("{8BC9CEB8-8B4A-11D0-8D11-00A0C91BC942}") = "UE4", "Intermediate\ProjectFiles\UE4.vcxproj", "{CE7BC337-6054-4004-AFD4-E16BBAA74DD2}"
EndProject
Project("{8BC9CEB8-8B4A-11D0-8D11-00A0C91BC942}") = "BuildingEscape", "Intermediate\ProjectFiles\BuildingEscape.vcxproj", "{4717E6C5-1AAC-4582-A007-7DE33DB63151}"
EndProject
Global
	GlobalSection(SolutionConfigurationPlatforms) = preSolution
		DebugGame Editor|HTML5 = DebugGame Editor|HTML5
		DebugGame Editor|Win32 = DebugGame Editor|Win32
		DebugGame Editor|Win64 = DebugGame Editor|Win64
		DebugGame|HTML5 = DebugGame|HTML5
		DebugGame|Win32 = DebugGame|Win32
		DebugGame|Win64 = DebugGame|Win64
		Development Editor|HTML5 = Development Editor|HTML5
		Development Editor|Win32 = Development Editor|Win32
		Development Editor|Win64 = Development Editor|Win64
		Development|HTML5 = Development|HTML5
		Development|Win32 = Development|Win32
		Development|Win64 = Development|Win64
		Shipping|HTML5 = Shipping|HTML5
		Shipping|Win32 = Shipping|Win32
		Shipping|Win64 = Shipping|Win64
	EndGlobalSection
	GlobalSection(ProjectConfigurationPlatforms) = postSolution
		{CE7BC337-6054-4004-AFD4-E16BBAA74DD2}.DebugGame Editor|HTML5.ActiveCfg = BuiltWithUnrealBuildTool|Win32
		{CE7BC337-6054-4004-AFD4-E16BBAA74DD2}.DebugGame Editor|HTML5.Build.0 = BuiltWithUnrealBuildTool|Win32
		{CE7BC337-6054-4004-AFD4-E16BBAA74DD2}.DebugGame Editor|Win32.ActiveCfg = BuiltWithUnrealBuildTool|Win32
		{CE7BC337-6054-4004-AFD4-E16BBAA74DD2}.DebugGame Editor|Win32.Build.0 = BuiltWithUnrealBuildTool|Win32
		{CE7BC337-6054-4004-AFD4-E16BBAA74DD2}.DebugGame Editor|Win64.ActiveCfg = BuiltWithUnrealBuildTool|Win32
		{CE7BC337-6054-4004-AFD4-E16BBAA74DD2}.DebugGame Editor|Win64.Build.0 = BuiltWithUnrealBuildTool|Win32
		{CE7BC337-6054-4004-AFD4-E16BBAA74DD2}.DebugGame|HTML5.ActiveCfg = BuiltWithUnrealBuildTool|Win32
		{CE7BC337-6054-4004-AFD4-E16BBAA74DD2}.DebugGame|HTML5.Build.0 = BuiltWithUnrealBuildTool|Win32
		{CE7BC337-6054-4004-AFD4-E16BBAA74DD2}.DebugGame|Win32.ActiveCfg = BuiltWithUnrealBuildTool|Win32
		{CE7BC337-6054-4004-AFD4-E16BBAA74DD2}.DebugGame|Win32.Build.0 = BuiltWithUnrealBuildTool|Win32
		{CE7BC337-6054-4004-AFD4-E16BBAA74DD2}.DebugGame|Win64.ActiveCfg = BuiltWithUnrealBuildTool|Win32
		{CE7BC337-6054-4004-AFD4-E16BBAA74DD2}.DebugGame|Win64.Build.0 = BuiltWithUnrealBuildTool|Win32
		{CE7BC337-6054-4004-AFD4-E16BBAA74DD2}.Development Editor|HTML5.ActiveCfg = BuiltWithUnrealBuildTool|Win32
		{CE7BC337-6054-4004-AFD4-E16BBAA74DD2}.Development Editor|HTML5.Build.0 = BuiltWithUnrealBuildTool|Win32
		{CE7BC337-6054-4004-AFD4-E16BBAA74DD2}.Development Editor|Win32.ActiveCfg = BuiltWithUnrealBuildTool|Win32
		{CE7BC337-6054-4004-AFD4-E16BBAA74DD2}.Development Editor|Win32.Build.0 = BuiltWithUnrealBuildTool|Win32
		{CE7BC337-6054-4004-AFD4-E16BBAA74DD2}.Development Editor|Win64.ActiveCfg = BuiltWithUnrealBuildTool|Win32
		{CE7BC337-6054-4004-AFD4-E16BBAA74DD2}.Development Editor|Win64.Build.0 = BuiltWithUnrealBuildTool|Win32
		{CE7BC337-6054-4004-AFD4-E16BBAA74DD2}.Development|HTML5.ActiveCfg = BuiltWithUnrealBuildTool|Win32
		{CE7BC337-6054-4004-AFD4-E16BBAA74DD2}.Development|HTML5.Build.0 = BuiltWithUnrealBuildTool|Win32
		{CE7BC337-6054-4004-AFD4-E16BBAA74DD2}.Development|Win32.ActiveCfg = BuiltWithUnrealBuildTool|Win32
		{CE7BC337-6054-4004-AFD4-E16BBAA74DD2}.Development|Win32.Build.0 = BuiltWithUnrealBuildTool|Win32
		{CE7BC337-6054-4004-AFD4-E16BBAA74DD2}.Development|Win64.ActiveCfg = BuiltWithUnrealBuildTool|Win32
		{CE7BC337-6054-4004-AFD4-E16BBAA74DD2}.Development|Win64.Build.0 = BuiltWithUnrealBuildTool|Win32
		{CE7BC337-6054-4004-AFD4-E16BBAA74DD2}.Shipping|HTML5.ActiveCfg = BuiltWithUnrealBuildTool|Win32
		{CE7BC337-6054-4004-AFD4-E16BBAA74DD2}.Shipping|HTML5.Build.0 = BuiltWithUnrealBuildTool|Win32
		{CE7BC337-6054-4004-AFD4-E16BBAA74DD2}.Shipping|Win32.ActiveCfg = BuiltWithUnrealBuildTool|Win32
		{CE7BC337-6054-4004-AFD4-E16BBAA74DD2}.Shipping|Win32.Build.0 = BuiltWithUnrealBuildTool|Win32
		{CE7BC337-6054-4004-AFD4-E16BBAA74DD2}.Shipping|Win64.ActiveCfg = BuiltWithUnrealBuildTool|Win32
		{CE7BC337-6054-4004-AFD4-E16BBAA74DD2}.Shipping|Win64.Build.0 = BuiltWithUnrealBuildTool|Win32
		{4717E6C5-1AAC-4582-A007-7DE33DB63151}.DebugGame Editor|HTML5.ActiveCfg = HTML5_DebugGame_Editor|Win32
		{4717E6C5-1AAC-4582-A007-7DE33DB63151}.DebugGame Editor|Win32.ActiveCfg = DebugGame_Editor|Win32
		{4717E6C5-1AAC-4582-A007-7DE33DB63151}.DebugGame Editor|Win64.ActiveCfg = DebugGame_Editor|x64
		{4717E6C5-1AAC-4582-A007-7DE33DB63151}.DebugGame Editor|Win64.Build.0 = DebugGame_Editor|x64
		{4717E6C5-1AAC-4582-A007-7DE33DB63151}.DebugGame|HTML5.ActiveCfg = HTML5_DebugGame_Game|Win32
		{4717E6C5-1AAC-4582-A007-7DE33DB63151}.DebugGame|HTML5.Build.0 = HTML5_DebugGame_Game|Win32
		{4717E6C5-1AAC-4582-A007-7DE33DB63151}.DebugGame|Win32.ActiveCfg = DebugGame_Game|Win32
		{4717E6C5-1AAC-4582-A007-7DE33DB63151}.DebugGame|Win32.Build.0 = DebugGame_Game|Win32
		{4717E6C5-1AAC-4582-A007-7DE33DB63151}.DebugGame|Win64.ActiveCfg = DebugGame_Game|x64
		{4717E6C5-1AAC-4582-A007-7DE33DB63151}.DebugGame|Win64.Build.0 = DebugGame_Game|x64
		{4717E6C5-1AAC-4582-A007-7DE33DB63151}.Development Editor|HTML5.ActiveCfg = HTML5_Development_Editor|Win32
		{4717E6C5-1AAC-4582-A007-7DE33DB63151}.Development Editor|Win32.ActiveCfg = Development_Editor|Win32
		{4717E6C5-1AAC-4582-A007-7DE33DB63151}.Development Editor|Win64.ActiveCfg = Development_Editor|x64
		{4717E6C5-1AAC-4582-A007-7DE33DB63151}.Development Editor|Win64.Build.0 = Development_Editor|x64
		{4717E6C5-1AAC-4582-A007-7DE33DB63151}.Development|HTML5.ActiveCfg = HTML5_Development_Game|Win32
		{4717E6C5-1AAC-4582-A007-7DE33DB63151}.Development|HTML5.Build.0 = HTML5_Development_Game|Win32
		{4717E6C5-1AAC-4582-A007-7DE33DB63151}.Development|Win32.ActiveCfg = Development_Game|Win32
		{4717E6C5-1AAC-4582-A007-7DE33DB63151}.Development|Win32.Build.0 = Development_Game|Win32
		{4717E6C5-1AAC-4582-A007-7DE33DB63151}.Development|Win64.ActiveCfg = Development_Game|x64
		{4717E6C5-1AAC-4582-A007-7DE33DB63151}.Development|Win64.Build.0 = Development_Game|x64
		{4717E6C5-1AAC-4582-A007-7DE33DB63151}.Shipping|HTML5.ActiveCfg = HTML5_Shipping_Game|Win32
		{4717E6C5-1AAC-4582-A007-7DE33DB63151}.Shipping|HTML5.Build.0 = HTML5_Shipping_Game|Win32
		{4717E6C5-1AAC-4582-A007-7DE33DB63151}.Shipping|Win32.ActiveCfg = Shipping_Game|Win32
		{4717E6C5-1AAC-4582-A007-7DE33DB63151}.Shipping|Win32.Build.0 = Shipping_Game|Win32
		{4717E6C5-1AAC-4582-A007-7DE33DB63151}.Shipping|Win64.ActiveCfg = Shipping_Game|x64
		{4717E6C5-1AAC-4582-A007-7DE33DB63151}.Shipping|Win64.Build.0 = Shipping_Game|x64
	EndGlobalSection
	GlobalSection(SolutionProperties) = preSolution
		HideSolutionNode = FALSE
	EndGlobalSection
	GlobalSection(NestedProjects) = preSolution
		{CE7BC337-6054-4004-AFD4-E16BBAA74DD2} = {8A49828F-6F0E-4CE6-A14C-9AD767D0DDA4}
		{4717E6C5-1AAC-4582-A007-7DE33DB63151} = {F99FC19C-5796-460D-A1E2-4084516EF427}
	EndGlobalSection
EndGlobal
